
Microsoft Visual Studio Solution File, Format Version 12.00
# Visual Studio Version 17
VisualStudioVersion = 17.0.32126.317
MinimumVisualStudioVersion = 10.0.40219.1
Project("{FAE04EC0-301F-11D3-BF4B-00C04F79EFBC}") = "Proyecto_TAP", "Proyecto_TAP\Proyecto_TAP.csproj", "{1BE8714D-8D41-4C1D-937E-E72ADA47618E}"
EndProject
Global
	GlobalSection(SolutionConfigurationPlatforms) = preSolution
		Debug|Any CPU = Debug|Any CPU
		Release|Any CPU = Release|Any CPU
	EndGlobalSection
	GlobalSection(ProjectConfigurationPlatforms) = postSolution
		{1BE8714D-8D41-4C1D-937E-E72ADA47618E}.Debug|Any CPU.ActiveCfg = Debug|Any CPU
		{1BE8714D-8D41-4C1D-937E-E72ADA47618E}.Debug|Any CPU.Build.0 = Debug|Any CPU
		{1BE8714D-8D41-4C1D-937E-E72ADA47618E}.Release|Any CPU.ActiveCfg = Release|Any CPU
		{1BE8714D-8D41-4C1D-937E-E72ADA47618E}.Release|Any CPU.Build.0 = Release|Any CPU
	EndGlobalSection
	GlobalSection(SolutionProperties) = preSolution
		HideSolutionNode = FALSE
	EndGlobalSection
	GlobalSection(ExtensibilityGlobals) = postSolution
		SolutionGuid = {25D73A49-ADD7-4E79-99CC-A234DD65A1A9}
	EndGlobalSection
EndGlobal
